
Microsoft Visual Studio Solution File, Format Version 12.00
# Visual Studio Version 16
VisualStudioVersion = 16.0.31624.102
MinimumVisualStudioVersion = 10.0.40219.1
Project("{9A19103F-16F7-4668-BE54-9A1E7A4F7556}") = "VL.YAUI", "VL.YAUI\VL.YAUI.csproj", "{012957B6-3419-4E9B-A92C-2482016F39A1}"
EndProject
Global
	GlobalSection(SolutionConfigurationPlatforms) = preSolution
		Debug|Any CPU = Debug|Any CPU
		Release|Any CPU = Release|Any CPU
	EndGlobalSection
	GlobalSection(ProjectConfigurationPlatforms) = postSolution
		{012957B6-3419-4E9B-A92C-2482016F39A1}.Debug|Any CPU.ActiveCfg = Debug|Any CPU
		{012957B6-3419-4E9B-A92C-2482016F39A1}.Debug|Any CPU.Build.0 = Debug|Any CPU
		{012957B6-3419-4E9B-A92C-2482016F39A1}.Release|Any CPU.ActiveCfg = Release|Any CPU
		{012957B6-3419-4E9B-A92C-2482016F39A1}.Release|Any CPU.Build.0 = Release|Any CPU
	EndGlobalSection
	GlobalSection(SolutionProperties) = preSolution
		HideSolutionNode = FALSE
	EndGlobalSection
	GlobalSection(ExtensibilityGlobals) = postSolution
		SolutionGuid = {F8AECB14-C929-4090-825A-F216C81872F4}
	EndGlobalSection
EndGlobal
